
Microsoft Visual Studio Solution File, Format Version 12.00
# Visual Studio Version 17
VisualStudioVersion = 17.14.36221.1 d17.14
MinimumVisualStudioVersion = 10.0.40219.1
Project("{FAE04EC0-301F-11D3-BF4B-00C04F79EFBC}") = "WarmUp1", "CodingBat\WarmUp1.csproj", "{4E6B7250-E171-4283-A7EF-E99C4BE758FC}"
EndProject
Project("{FAE04EC0-301F-11D3-BF4B-00C04F79EFBC}") = "WarmUp2", "WarmUp2\WarmUp2.csproj", "{E412A67A-DFF4-40B7-988D-ADE7D1074EA2}"
EndProject
Global
	GlobalSection(SolutionConfigurationPlatforms) = preSolution
		Debug|Any CPU = Debug|Any CPU
		Release|Any CPU = Release|Any CPU
	EndGlobalSection
	GlobalSection(ProjectConfigurationPlatforms) = postSolution
		{4E6B7250-E171-4283-A7EF-E99C4BE758FC}.Debug|Any CPU.ActiveCfg = Debug|Any CPU
		{4E6B7250-E171-4283-A7EF-E99C4BE758FC}.Debug|Any CPU.Build.0 = Debug|Any CPU
		{4E6B7250-E171-4283-A7EF-E99C4BE758FC}.Release|Any CPU.ActiveCfg = Release|Any CPU
		{4E6B7250-E171-4283-A7EF-E99C4BE758FC}.Release|Any CPU.Build.0 = Release|Any CPU
		{E412A67A-DFF4-40B7-988D-ADE7D1074EA2}.Debug|Any CPU.ActiveCfg = Debug|Any CPU
		{E412A67A-DFF4-40B7-988D-ADE7D1074EA2}.Debug|Any CPU.Build.0 = Debug|Any CPU
		{E412A67A-DFF4-40B7-988D-ADE7D1074EA2}.Release|Any CPU.ActiveCfg = Release|Any CPU
		{E412A67A-DFF4-40B7-988D-ADE7D1074EA2}.Release|Any CPU.Build.0 = Release|Any CPU
	EndGlobalSection
	GlobalSection(SolutionProperties) = preSolution
		HideSolutionNode = FALSE
	EndGlobalSection
	GlobalSection(ExtensibilityGlobals) = postSolution
		SolutionGuid = {21AFC83F-447C-4FEF-8C51-16013AA8E2AD}
	EndGlobalSection
EndGlobal
